
Microsoft Visual Studio Solution File, Format Version 12.00
# Visual Studio Version 17
VisualStudioVersion = 17.13.35931.197
MinimumVisualStudioVersion = 10.0.40219.1
Project("{8BC9CEB8-8B4A-11D0-8D11-00A0C91BC942}") = "BaekJoon06_06_2941", "BaekJoon01_2941\BaekJoon01_2941.vcxproj", "{813A80B4-6FF4-45D2-A302-82E7CD8E4785}"
EndProject
Project("{8BC9CEB8-8B4A-11D0-8D11-00A0C91BC942}") = "BaekJoon06_07_1316", "BaekJoon02_1316\BaekJoon02_1316.vcxproj", "{21C9A243-9BF5-4AE7-AA2C-C6D0859A8609}"
EndProject
Project("{8BC9CEB8-8B4A-11D0-8D11-00A0C91BC942}") = "BaekJoon06_08_25206", "BaekJoon03_25206\BaekJoon03_25206.vcxproj", "{BCE04998-4D06-4231-B55F-07C12EE59570}"
EndProject
Project("{8BC9CEB8-8B4A-11D0-8D11-00A0C91BC942}") = "BaekJoon07_01_2738", "BaekJoon07_01_2738\BaekJoon07_01_2738.vcxproj", "{82571EAA-9FA8-44D8-A2E8-0FA19C191D29}"
EndProject
Project("{8BC9CEB8-8B4A-11D0-8D11-00A0C91BC942}") = "BaekJoon06_03_2444", "BaekJoon06_03_2444\BaekJoon06_03_2444.vcxproj", "{3FDECCB7-0BE7-4F36-81BF-DB89CB3A8AF9}"
EndProject
Project("{8BC9CEB8-8B4A-11D0-8D11-00A0C91BC942}") = "BaekJoon07_02_2566", "BaekJoon07_02_2566\BaekJoon07_02_2566.vcxproj", "{6EF70BF7-0DAD-40FD-B896-C3C2A607365C}"
EndProject
Project("{8BC9CEB8-8B4A-11D0-8D11-00A0C91BC942}") = "BaekJoon07_03_10798", "BaekJoon07_03_10798\BaekJoon07_03_10798.vcxproj", "{76E41209-CDF8-4F35-8C86-9C0000AF3B19}"
EndProject
Project("{8BC9CEB8-8B4A-11D0-8D11-00A0C91BC942}") = "BaekJoon07_04_2563", "BaekJoon07_04_2563\BaekJoon07_04_2563.vcxproj", "{7F405B08-07EA-4126-AD55-88A5D3DE1D02}"
EndProject
Project("{8BC9CEB8-8B4A-11D0-8D11-00A0C91BC942}") = "BaekJoon08_01_2745", "BaekJoon08_01_2745\BaekJoon08_01_2745.vcxproj", "{863140FF-1214-4859-AF53-996FB8F31FD0}"
EndProject
Project("{8BC9CEB8-8B4A-11D0-8D11-00A0C91BC942}") = "BaekJoon08_02_11005", "BaekJoon08_02_11005\BaekJoon08_02_11005.vcxproj", "{0A35666F-2E7B-41F2-A6C5-0F1044E70908}"
EndProject
Project("{8BC9CEB8-8B4A-11D0-8D11-00A0C91BC942}") = "BaekJoon08_03_2720", "BaekJoon08_03_2720\BaekJoon08_03_2720.vcxproj", "{FD61C4B2-CEA4-4CAD-86EF-513AC5D7BA3F}"
EndProject
Project("{8BC9CEB8-8B4A-11D0-8D11-00A0C91BC942}") = "BaekJoon08_04_2903", "BaekJoon08_04_2903\BaekJoon08_04_2903.vcxproj", "{FCE39CAB-E9F8-4F05-A8E8-783C6A85DD39}"
EndProject
Project("{8BC9CEB8-8B4A-11D0-8D11-00A0C91BC942}") = "BaekJoon08_05_2292", "BaekJoon08_05_2292\BaekJoon08_05_2292.vcxproj", "{47FAE95C-DFE8-4FA1-82B7-E698C8C3CDB2}"
EndProject
Project("{8BC9CEB8-8B4A-11D0-8D11-00A0C91BC942}") = "BaekJoon08_06_1193", "BaekJoon08_06_1193\BaekJoon08_06_1193.vcxproj", "{E4FF2F46-56AF-4FA7-8D8E-8FF77913FDF5}"
EndProject
Project("{8BC9CEB8-8B4A-11D0-8D11-00A0C91BC942}") = "BaekJoon08_07_2869", "BaekJoon08_06_2869\BaekJoon08_06_2869.vcxproj", "{BD21865A-08D2-44D0-A87A-71AD177F9E30}"
EndProject
Project("{8BC9CEB8-8B4A-11D0-8D11-00A0C91BC942}") = "BaekJoon_class1_2475", "BaekJoon_class1_2475\BaekJoon_class1_2475.vcxproj", "{B336DD0A-AAF7-4FD9-A286-C67ECA6F94B8}"
EndProject
Project("{8BC9CEB8-8B4A-11D0-8D11-00A0C91BC942}") = "BaekJoon_class1_10250", "BaekJoon_class1_10250\BaekJoon_class1_10250.vcxproj", "{21A4D7A6-78EC-401E-BF04-D392C8346BCA}"
EndProject
Project("{8BC9CEB8-8B4A-11D0-8D11-00A0C91BC942}") = "BaekJoon_class1_31403", "BaekJoon_class1_31403\BaekJoon_class1_31403.vcxproj", "{456697F2-EA2E-4929-AE4A-0251AC5382D7}"
EndProject
Project("{8BC9CEB8-8B4A-11D0-8D11-00A0C91BC942}") = "BaekJoon_class1_2577", "BaekJoon_class1_2577\BaekJoon_class1_2577.vcxproj", "{187D89A8-44A4-4A4A-BE9B-50538F97BC16}"
EndProject
Project("{8BC9CEB8-8B4A-11D0-8D11-00A0C91BC942}") = "BaekJoon_class1_2920", "BaekJoon_class1_2920\BaekJoon_class1_2920.vcxproj", "{CD7ED049-0CE3-4F88-9250-952DF815A8D4}"
EndProject
Project("{8BC9CEB8-8B4A-11D0-8D11-00A0C91BC942}") = "BaekJoon_class1_8958", "BaekJoon_class1_8958\BaekJoon_class1_8958.vcxproj", "{678DE536-175D-41D2-AA2C-BE31902C2E39}"
EndProject
Project("{8BC9CEB8-8B4A-11D0-8D11-00A0C91BC942}") = "BaekJoon_class1_2741", "BaekJoon_class1_2741\BaekJoon_class1_2741.vcxproj", "{60D4792A-63BE-4505-9789-CD89372AC1BA}"
EndProject
Project("{8BC9CEB8-8B4A-11D0-8D11-00A0C91BC942}") = "BaekJoon_class2_4153", "BaekJoon_class2_4153\BaekJoon_class2_4153.vcxproj", "{6F6ECFFE-16DB-43BC-A45C-E348DCEFBA8A}"
EndProject
Project("{8BC9CEB8-8B4A-11D0-8D11-00A0C91BC942}") = "BaekJoon_class2_30802", "BaekJoon_class2_30802\BaekJoon_class2_30802.vcxproj", "{5FDD4245-8EDB-4C86-A98F-39D0C58D7901}"
EndProject
Project("{8BC9CEB8-8B4A-11D0-8D11-00A0C91BC942}") = "BaekJoon_class2_1978", "BaekJoon_class2_1978\BaekJoon_class2_1978.vcxproj", "{8BF239CA-D4DB-409C-81F8-91F8159A3CDD}"
EndProject
Project("{8BC9CEB8-8B4A-11D0-8D11-00A0C91BC942}") = "BaekJoon_class2_2231", "BaekJoon_class2_2231\BaekJoon_class2_2231.vcxproj", "{7A5C7FEE-2AE9-44CA-ADAC-62196F300A9C}"
EndProject
Project("{8BC9CEB8-8B4A-11D0-8D11-00A0C91BC942}") = "BaekJoon_class2_2798", "BaekJoon_class2_2798\BaekJoon_class2_2798.vcxproj", "{ECAC5B6A-4452-47D8-A25A-B607D5B32592}"
EndProject
Project("{8BC9CEB8-8B4A-11D0-8D11-00A0C91BC942}") = "BaekJoon_class2_15829", "BaekJoon_class2_15829\BaekJoon_class2_15829.vcxproj", "{90AA6F5C-46A5-4828-A34C-EBB5C56F922E}"
EndProject
Project("{8BC9CEB8-8B4A-11D0-8D11-00A0C91BC942}") = "BaekJoon_class2_2609", "BaekJoon_class2_2609\BaekJoon_class2_2609.vcxproj", "{32C3DA85-E71E-41E9-9DFA-A173E1F30216}"
EndProject
Project("{8BC9CEB8-8B4A-11D0-8D11-00A0C91BC942}") = "BaekJoon_class2_2775", "BaekJoon_class2_2775\BaekJoon_class2_2775.vcxproj", "{2EBFA9AB-21C1-4ABA-A78F-FCDFBB114DE0}"
EndProject
Project("{8BC9CEB8-8B4A-11D0-8D11-00A0C91BC942}") = "BaekJoon_class2_10989", "BaekJoon_class2_10989\BaekJoon_class2_10989.vcxproj", "{1C547647-163C-4630-8D41-AB580D7BE8DE}"
EndProject
Project("{8BC9CEB8-8B4A-11D0-8D11-00A0C91BC942}") = "BaekJoon_class2_11050", "BaekJoon_class2_11050\BaekJoon_class2_11050.vcxproj", "{9E195B68-17AC-4971-811A-1C343FB48973}"
EndProject
Project("{8BC9CEB8-8B4A-11D0-8D11-00A0C91BC942}") = "BaekJoon_class2_2751", "BaekJoon_class2_2751\BaekJoon_class2_2751.vcxproj", "{4559914D-2423-4B2F-82C6-43DD9DDD8DD0}"
EndProject
Global
	GlobalSection(SolutionConfigurationPlatforms) = preSolution
		Debug|x64 = Debug|x64
		Debug|x86 = Debug|x86
		Release|x64 = Release|x64
		Release|x86 = Release|x86
	EndGlobalSection
	GlobalSection(ProjectConfigurationPlatforms) = postSolution
		{813A80B4-6FF4-45D2-A302-82E7CD8E4785}.Debug|x64.ActiveCfg = Debug|x64
		{813A80B4-6FF4-45D2-A302-82E7CD8E4785}.Debug|x64.Build.0 = Debug|x64
		{813A80B4-6FF4-45D2-A302-82E7CD8E4785}.Debug|x86.ActiveCfg = Debug|Win32
		{813A80B4-6FF4-45D2-A302-82E7CD8E4785}.Debug|x86.Build.0 = Debug|Win32
		{813A80B4-6FF4-45D2-A302-82E7CD8E4785}.Release|x64.ActiveCfg = Release|x64
		{813A80B4-6FF4-45D2-A302-82E7CD8E4785}.Release|x64.Build.0 = Release|x64
		{813A80B4-6FF4-45D2-A302-82E7CD8E4785}.Release|x86.ActiveCfg = Release|Win32
		{813A80B4-6FF4-45D2-A302-82E7CD8E4785}.Release|x86.Build.0 = Release|Win32
		{21C9A243-9BF5-4AE7-AA2C-C6D0859A8609}.Debug|x64.ActiveCfg = Debug|x64
		{21C9A243-9BF5-4AE7-AA2C-C6D0859A8609}.Debug|x64.Build.0 = Debug|x64
		{21C9A243-9BF5-4AE7-AA2C-C6D0859A8609}.Debug|x86.ActiveCfg = Debug|Win32
		{21C9A243-9BF5-4AE7-AA2C-C6D0859A8609}.Debug|x86.Build.0 = Debug|Win32
		{21C9A243-9BF5-4AE7-AA2C-C6D0859A8609}.Release|x64.ActiveCfg = Release|x64
		{21C9A243-9BF5-4AE7-AA2C-C6D0859A8609}.Release|x64.Build.0 = Release|x64
		{21C9A243-9BF5-4AE7-AA2C-C6D0859A8609}.Release|x86.ActiveCfg = Release|Win32
		{21C9A243-9BF5-4AE7-AA2C-C6D0859A8609}.Release|x86.Build.0 = Release|Win32
		{BCE04998-4D06-4231-B55F-07C12EE59570}.Debug|x64.ActiveCfg = Debug|x64
		{BCE04998-4D06-4231-B55F-07C12EE59570}.Debug|x64.Build.0 = Debug|x64
		{BCE04998-4D06-4231-B55F-07C12EE59570}.Debug|x86.ActiveCfg = Debug|Win32
		{BCE04998-4D06-4231-B55F-07C12EE59570}.Debug|x86.Build.0 = Debug|Win32
		{BCE04998-4D06-4231-B55F-07C12EE59570}.Release|x64.ActiveCfg = Release|x64
		{BCE04998-4D06-4231-B55F-07C12EE59570}.Release|x64.Build.0 = Release|x64
		{BCE04998-4D06-4231-B55F-07C12EE59570}.Release|x86.ActiveCfg = Release|Win32
		{BCE04998-4D06-4231-B55F-07C12EE59570}.Release|x86.Build.0 = Release|Win32
		{82571EAA-9FA8-44D8-A2E8-0FA19C191D29}.Debug|x64.ActiveCfg = Debug|x64
		{82571EAA-9FA8-44D8-A2E8-0FA19C191D29}.Debug|x64.Build.0 = Debug|x64
		{82571EAA-9FA8-44D8-A2E8-0FA19C191D29}.Debug|x86.ActiveCfg = Debug|Win32
		{82571EAA-9FA8-44D8-A2E8-0FA19C191D29}.Debug|x86.Build.0 = Debug|Win32
		{82571EAA-9FA8-44D8-A2E8-0FA19C191D29}.Release|x64.ActiveCfg = Release|x64
		{82571EAA-9FA8-44D8-A2E8-0FA19C191D29}.Release|x64.Build.0 = Release|x64
		{82571EAA-9FA8-44D8-A2E8-0FA19C191D29}.Release|x86.ActiveCfg = Release|Win32
		{82571EAA-9FA8-44D8-A2E8-0FA19C191D29}.Release|x86.Build.0 = Release|Win32
		{3FDECCB7-0BE7-4F36-81BF-DB89CB3A8AF9}.Debug|x64.ActiveCfg = Debug|x64
		{3FDECCB7-0BE7-4F36-81BF-DB89CB3A8AF9}.Debug|x64.Build.0 = Debug|x64
		{3FDECCB7-0BE7-4F36-81BF-DB89CB3A8AF9}.Debug|x86.ActiveCfg = Debug|Win32
		{3FDECCB7-0BE7-4F36-81BF-DB89CB3A8AF9}.Debug|x86.Build.0 = Debug|Win32
		{3FDECCB7-0BE7-4F36-81BF-DB89CB3A8AF9}.Release|x64.ActiveCfg = Release|x64
		{3FDECCB7-0BE7-4F36-81BF-DB89CB3A8AF9}.Release|x64.Build.0 = Release|x64
		{3FDECCB7-0BE7-4F36-81BF-DB89CB3A8AF9}.Release|x86.ActiveCfg = Release|Win32
		{3FDECCB7-0BE7-4F36-81BF-DB89CB3A8AF9}.Release|x86.Build.0 = Release|Win32
		{6EF70BF7-0DAD-40FD-B896-C3C2A607365C}.Debug|x64.ActiveCfg = Debug|x64
		{6EF70BF7-0DAD-40FD-B896-C3C2A607365C}.Debug|x64.Build.0 = Debug|x64
		{6EF70BF7-0DAD-40FD-B896-C3C2A607365C}.Debug|x86.ActiveCfg = Debug|Win32
		{6EF70BF7-0DAD-40FD-B896-C3C2A607365C}.Debug|x86.Build.0 = Debug|Win32
		{6EF70BF7-0DAD-40FD-B896-C3C2A607365C}.Release|x64.ActiveCfg = Release|x64
		{6EF70BF7-0DAD-40FD-B896-C3C2A607365C}.Release|x64.Build.0 = Release|x64
		{6EF70BF7-0DAD-40FD-B896-C3C2A607365C}.Release|x86.ActiveCfg = Release|Win32
		{6EF70BF7-0DAD-40FD-B896-C3C2A607365C}.Release|x86.Build.0 = Release|Win32
		{76E41209-CDF8-4F35-8C86-9C0000AF3B19}.Debug|x64.ActiveCfg = Debug|x64
		{76E41209-CDF8-4F35-8C86-9C0000AF3B19}.Debug|x64.Build.0 = Debug|x64
		{76E41209-CDF8-4F35-8C86-9C0000AF3B19}.Debug|x86.ActiveCfg = Debug|Win32
		{76E41209-CDF8-4F35-8C86-9C0000AF3B19}.Debug|x86.Build.0 = Debug|Win32
		{76E41209-CDF8-4F35-8C86-9C0000AF3B19}.Release|x64.ActiveCfg = Release|x64
		{76E41209-CDF8-4F35-8C86-9C0000AF3B19}.Release|x64.Build.0 = Release|x64
		{76E41209-CDF8-4F35-8C86-9C0000AF3B19}.Release|x86.ActiveCfg = Release|Win32
		{76E41209-CDF8-4F35-8C86-9C0000AF3B19}.Release|x86.Build.0 = Release|Win32
		{7F405B08-07EA-4126-AD55-88A5D3DE1D02}.Debug|x64.ActiveCfg = Debug|x64
		{7F405B08-07EA-4126-AD55-88A5D3DE1D02}.Debug|x64.Build.0 = Debug|x64
		{7F405B08-07EA-4126-AD55-88A5D3DE1D02}.Debug|x86.ActiveCfg = Debug|Win32
		{7F405B08-07EA-4126-AD55-88A5D3DE1D02}.Debug|x86.Build.0 = Debug|Win32
		{7F405B08-07EA-4126-AD55-88A5D3DE1D02}.Release|x64.ActiveCfg = Release|x64
		{7F405B08-07EA-4126-AD55-88A5D3DE1D02}.Release|x64.Build.0 = Release|x64
		{7F405B08-07EA-4126-AD55-88A5D3DE1D02}.Release|x86.ActiveCfg = Release|Win32
		{7F405B08-07EA-4126-AD55-88A5D3DE1D02}.Release|x86.Build.0 = Release|Win32
		{863140FF-1214-4859-AF53-996FB8F31FD0}.Debug|x64.ActiveCfg = Debug|x64
		{863140FF-1214-4859-AF53-996FB8F31FD0}.Debug|x64.Build.0 = Debug|x64
		{863140FF-1214-4859-AF53-996FB8F31FD0}.Debug|x86.ActiveCfg = Debug|Win32
		{863140FF-1214-4859-AF53-996FB8F31FD0}.Debug|x86.Build.0 = Debug|Win32
		{863140FF-1214-4859-AF53-996FB8F31FD0}.Release|x64.ActiveCfg = Release|x64
		{863140FF-1214-4859-AF53-996FB8F31FD0}.Release|x64.Build.0 = Release|x64
		{863140FF-1214-4859-AF53-996FB8F31FD0}.Release|x86.ActiveCfg = Release|Win32
		{863140FF-1214-4859-AF53-996FB8F31FD0}.Release|x86.Build.0 = Release|Win32
		{0A35666F-2E7B-41F2-A6C5-0F1044E70908}.Debug|x64.ActiveCfg = Debug|x64
		{0A35666F-2E7B-41F2-A6C5-0F1044E70908}.Debug|x64.Build.0 = Debug|x64
		{0A35666F-2E7B-41F2-A6C5-0F1044E70908}.Debug|x86.ActiveCfg = Debug|Win32
		{0A35666F-2E7B-41F2-A6C5-0F1044E70908}.Debug|x86.Build.0 = Debug|Win32
		{0A35666F-2E7B-41F2-A6C5-0F1044E70908}.Release|x64.ActiveCfg = Release|x64
		{0A35666F-2E7B-41F2-A6C5-0F1044E70908}.Release|x64.Build.0 = Release|x64
		{0A35666F-2E7B-41F2-A6C5-0F1044E70908}.Release|x86.ActiveCfg = Release|Win32
		{0A35666F-2E7B-41F2-A6C5-0F1044E70908}.Release|x86.Build.0 = Release|Win32
		{FD61C4B2-CEA4-4CAD-86EF-513AC5D7BA3F}.Debug|x64.ActiveCfg = Debug|x64
		{FD61C4B2-CEA4-4CAD-86EF-513AC5D7BA3F}.Debug|x64.Build.0 = Debug|x64
		{FD61C4B2-CEA4-4CAD-86EF-513AC5D7BA3F}.Debug|x86.ActiveCfg = Debug|Win32
		{FD61C4B2-CEA4-4CAD-86EF-513AC5D7BA3F}.Debug|x86.Build.0 = Debug|Win32
		{FD61C4B2-CEA4-4CAD-86EF-513AC5D7BA3F}.Release|x64.ActiveCfg = Release|x64
		{FD61C4B2-CEA4-4CAD-86EF-513AC5D7BA3F}.Release|x64.Build.0 = Release|x64
		{FD61C4B2-CEA4-4CAD-86EF-513AC5D7BA3F}.Release|x86.ActiveCfg = Release|Win32
		{FD61C4B2-CEA4-4CAD-86EF-513AC5D7BA3F}.Release|x86.Build.0 = Release|Win32
		{FCE39CAB-E9F8-4F05-A8E8-783C6A85DD39}.Debug|x64.ActiveCfg = Debug|x64
		{FCE39CAB-E9F8-4F05-A8E8-783C6A85DD39}.Debug|x64.Build.0 = Debug|x64
		{FCE39CAB-E9F8-4F05-A8E8-783C6A85DD39}.Debug|x86.ActiveCfg = Debug|Win32
		{FCE39CAB-E9F8-4F05-A8E8-783C6A85DD39}.Debug|x86.Build.0 = Debug|Win32
		{FCE39CAB-E9F8-4F05-A8E8-783C6A85DD39}.Release|x64.ActiveCfg = Release|x64
		{FCE39CAB-E9F8-4F05-A8E8-783C6A85DD39}.Release|x64.Build.0 = Release|x64
		{FCE39CAB-E9F8-4F05-A8E8-783C6A85DD39}.Release|x86.ActiveCfg = Release|Win32
		{FCE39CAB-E9F8-4F05-A8E8-783C6A85DD39}.Release|x86.Build.0 = Release|Win32
		{47FAE95C-DFE8-4FA1-82B7-E698C8C3CDB2}.Debug|x64.ActiveCfg = Debug|x64
		{47FAE95C-DFE8-4FA1-82B7-E698C8C3CDB2}.Debug|x64.Build.0 = Debug|x64
		{47FAE95C-DFE8-4FA1-82B7-E698C8C3CDB2}.Debug|x86.ActiveCfg = Debug|Win32
		{47FAE95C-DFE8-4FA1-82B7-E698C8C3CDB2}.Debug|x86.Build.0 = Debug|Win32
		{47FAE95C-DFE8-4FA1-82B7-E698C8C3CDB2}.Release|x64.ActiveCfg = Release|x64
		{47FAE95C-DFE8-4FA1-82B7-E698C8C3CDB2}.Release|x64.Build.0 = Release|x64
		{47FAE95C-DFE8-4FA1-82B7-E698C8C3CDB2}.Release|x86.ActiveCfg = Release|Win32
		{47FAE95C-DFE8-4FA1-82B7-E698C8C3CDB2}.Release|x86.Build.0 = Release|Win32
		{E4FF2F46-56AF-4FA7-8D8E-8FF77913FDF5}.Debug|x64.ActiveCfg = Debug|x64
		{E4FF2F46-56AF-4FA7-8D8E-8FF77913FDF5}.Debug|x64.Build.0 = Debug|x64
		{E4FF2F46-56AF-4FA7-8D8E-8FF77913FDF5}.Debug|x86.ActiveCfg = Debug|Win32
		{E4FF2F46-56AF-4FA7-8D8E-8FF77913FDF5}.Debug|x86.Build.0 = Debug|Win32
		{E4FF2F46-56AF-4FA7-8D8E-8FF77913FDF5}.Release|x64.ActiveCfg = Release|x64
		{E4FF2F46-56AF-4FA7-8D8E-8FF77913FDF5}.Release|x64.Build.0 = Release|x64
		{E4FF2F46-56AF-4FA7-8D8E-8FF77913FDF5}.Release|x86.ActiveCfg = Release|Win32
		{E4FF2F46-56AF-4FA7-8D8E-8FF77913FDF5}.Release|x86.Build.0 = Release|Win32
		{BD21865A-08D2-44D0-A87A-71AD177F9E30}.Debug|x64.ActiveCfg = Debug|x64
		{BD21865A-08D2-44D0-A87A-71AD177F9E30}.Debug|x64.Build.0 = Debug|x64
		{BD21865A-08D2-44D0-A87A-71AD177F9E30}.Debug|x86.ActiveCfg = Debug|Win32
		{BD21865A-08D2-44D0-A87A-71AD177F9E30}.Debug|x86.Build.0 = Debug|Win32
		{BD21865A-08D2-44D0-A87A-71AD177F9E30}.Release|x64.ActiveCfg = Release|x64
		{BD21865A-08D2-44D0-A87A-71AD177F9E30}.Release|x64.Build.0 = Release|x64
		{BD21865A-08D2-44D0-A87A-71AD177F9E30}.Release|x86.ActiveCfg = Release|Win32
		{BD21865A-08D2-44D0-A87A-71AD177F9E30}.Release|x86.Build.0 = Release|Win32
		{B336DD0A-AAF7-4FD9-A286-C67ECA6F94B8}.Debug|x64.ActiveCfg = Debug|x64
		{B336DD0A-AAF7-4FD9-A286-C67ECA6F94B8}.Debug|x64.Build.0 = Debug|x64
		{B336DD0A-AAF7-4FD9-A286-C67ECA6F94B8}.Debug|x86.ActiveCfg = Debug|Win32
		{B336DD0A-AAF7-4FD9-A286-C67ECA6F94B8}.Debug|x86.Build.0 = Debug|Win32
		{B336DD0A-AAF7-4FD9-A286-C67ECA6F94B8}.Release|x64.ActiveCfg = Release|x64
		{B336DD0A-AAF7-4FD9-A286-C67ECA6F94B8}.Release|x64.Build.0 = Release|x64
		{B336DD0A-AAF7-4FD9-A286-C67ECA6F94B8}.Release|x86.ActiveCfg = Release|Win32
		{B336DD0A-AAF7-4FD9-A286-C67ECA6F94B8}.Release|x86.Build.0 = Release|Win32
		{21A4D7A6-78EC-401E-BF04-D392C8346BCA}.Debug|x64.ActiveCfg = Debug|x64
		{21A4D7A6-78EC-401E-BF04-D392C8346BCA}.Debug|x64.Build.0 = Debug|x64
		{21A4D7A6-78EC-401E-BF04-D392C8346BCA}.Debug|x86.ActiveCfg = Debug|Win32
		{21A4D7A6-78EC-401E-BF04-D392C8346BCA}.Debug|x86.Build.0 = Debug|Win32
		{21A4D7A6-78EC-401E-BF04-D392C8346BCA}.Release|x64.ActiveCfg = Release|x64
		{21A4D7A6-78EC-401E-BF04-D392C8346BCA}.Release|x64.Build.0 = Release|x64
		{21A4D7A6-78EC-401E-BF04-D392C8346BCA}.Release|x86.ActiveCfg = Release|Win32
		{21A4D7A6-78EC-401E-BF04-D392C8346BCA}.Release|x86.Build.0 = Release|Win32
		{456697F2-EA2E-4929-AE4A-0251AC5382D7}.Debug|x64.ActiveCfg = Debug|x64
		{456697F2-EA2E-4929-AE4A-0251AC5382D7}.Debug|x64.Build.0 = Debug|x64
		{456697F2-EA2E-4929-AE4A-0251AC5382D7}.Debug|x86.ActiveCfg = Debug|Win32
		{456697F2-EA2E-4929-AE4A-0251AC5382D7}.Debug|x86.Build.0 = Debug|Win32
		{456697F2-EA2E-4929-AE4A-0251AC5382D7}.Release|x64.ActiveCfg = Release|x64
		{456697F2-EA2E-4929-AE4A-0251AC5382D7}.Release|x64.Build.0 = Release|x64
		{456697F2-EA2E-4929-AE4A-0251AC5382D7}.Release|x86.ActiveCfg = Release|Win32
		{456697F2-EA2E-4929-AE4A-0251AC5382D7}.Release|x86.Build.0 = Release|Win32
		{187D89A8-44A4-4A4A-BE9B-50538F97BC16}.Debug|x64.ActiveCfg = Debug|x64
		{187D89A8-44A4-4A4A-BE9B-50538F97BC16}.Debug|x64.Build.0 = Debug|x64
		{187D89A8-44A4-4A4A-BE9B-50538F97BC16}.Debug|x86.ActiveCfg = Debug|Win32
		{187D89A8-44A4-4A4A-BE9B-50538F97BC16}.Debug|x86.Build.0 = Debug|Win32
		{187D89A8-44A4-4A4A-BE9B-50538F97BC16}.Release|x64.ActiveCfg = Release|x64
		{187D89A8-44A4-4A4A-BE9B-50538F97BC16}.Release|x64.Build.0 = Release|x64
		{187D89A8-44A4-4A4A-BE9B-50538F97BC16}.Release|x86.ActiveCfg = Release|Win32
		{187D89A8-44A4-4A4A-BE9B-50538F97BC16}.Release|x86.Build.0 = Release|Win32
		{CD7ED049-0CE3-4F88-9250-952DF815A8D4}.Debug|x64.ActiveCfg = Debug|x64
		{CD7ED049-0CE3-4F88-9250-952DF815A8D4}.Debug|x64.Build.0 = Debug|x64
		{CD7ED049-0CE3-4F88-9250-952DF815A8D4}.Debug|x86.ActiveCfg = Debug|Win32
		{CD7ED049-0CE3-4F88-9250-952DF815A8D4}.Debug|x86.Build.0 = Debug|Win32
		{CD7ED049-0CE3-4F88-9250-952DF815A8D4}.Release|x64.ActiveCfg = Release|x64
		{CD7ED049-0CE3-4F88-9250-952DF815A8D4}.Release|x64.Build.0 = Release|x64
		{CD7ED049-0CE3-4F88-9250-952DF815A8D4}.Release|x86.ActiveCfg = Release|Win32
		{CD7ED049-0CE3-4F88-9250-952DF815A8D4}.Release|x86.Build.0 = Release|Win32
		{678DE536-175D-41D2-AA2C-BE31902C2E39}.Debug|x64.ActiveCfg = Debug|x64
		{678DE536-175D-41D2-AA2C-BE31902C2E39}.Debug|x64.Build.0 = Debug|x64
		{678DE536-175D-41D2-AA2C-BE31902C2E39}.Debug|x86.ActiveCfg = Debug|Win32
		{678DE536-175D-41D2-AA2C-BE31902C2E39}.Debug|x86.Build.0 = Debug|Win32
		{678DE536-175D-41D2-AA2C-BE31902C2E39}.Release|x64.ActiveCfg = Release|x64
		{678DE536-175D-41D2-AA2C-BE31902C2E39}.Release|x64.Build.0 = Release|x64
		{678DE536-175D-41D2-AA2C-BE31902C2E39}.Release|x86.ActiveCfg = Release|Win32
		{678DE536-175D-41D2-AA2C-BE31902C2E39}.Release|x86.Build.0 = Release|Win32
		{60D4792A-63BE-4505-9789-CD89372AC1BA}.Debug|x64.ActiveCfg = Debug|x64
		{60D4792A-63BE-4505-9789-CD89372AC1BA}.Debug|x64.Build.0 = Debug|x64
		{60D4792A-63BE-4505-9789-CD89372AC1BA}.Debug|x86.ActiveCfg = Debug|Win32
		{60D4792A-63BE-4505-9789-CD89372AC1BA}.Debug|x86.Build.0 = Debug|Win32
		{60D4792A-63BE-4505-9789-CD89372AC1BA}.Release|x64.ActiveCfg = Release|x64
		{60D4792A-63BE-4505-9789-CD89372AC1BA}.Release|x64.Build.0 = Release|x64
		{60D4792A-63BE-4505-9789-CD89372AC1BA}.Release|x86.ActiveCfg = Release|Win32
		{60D4792A-63BE-4505-9789-CD89372AC1BA}.Release|x86.Build.0 = Release|Win32
		{6F6ECFFE-16DB-43BC-A45C-E348DCEFBA8A}.Debug|x64.ActiveCfg = Debug|x64
		{6F6ECFFE-16DB-43BC-A45C-E348DCEFBA8A}.Debug|x64.Build.0 = Debug|x64
		{6F6ECFFE-16DB-43BC-A45C-E348DCEFBA8A}.Debug|x86.ActiveCfg = Debug|Win32
		{6F6ECFFE-16DB-43BC-A45C-E348DCEFBA8A}.Debug|x86.Build.0 = Debug|Win32
		{6F6ECFFE-16DB-43BC-A45C-E348DCEFBA8A}.Release|x64.ActiveCfg = Release|x64
		{6F6ECFFE-16DB-43BC-A45C-E348DCEFBA8A}.Release|x64.Build.0 = Release|x64
		{6F6ECFFE-16DB-43BC-A45C-E348DCEFBA8A}.Release|x86.ActiveCfg = Release|Win32
		{6F6ECFFE-16DB-43BC-A45C-E348DCEFBA8A}.Release|x86.Build.0 = Release|Win32
		{5FDD4245-8EDB-4C86-A98F-39D0C58D7901}.Debug|x64.ActiveCfg = Debug|x64
		{5FDD4245-8EDB-4C86-A98F-39D0C58D7901}.Debug|x64.Build.0 = Debug|x64
		{5FDD4245-8EDB-4C86-A98F-39D0C58D7901}.Debug|x86.ActiveCfg = Debug|Win32
		{5FDD4245-8EDB-4C86-A98F-39D0C58D7901}.Debug|x86.Build.0 = Debug|Win32
		{5FDD4245-8EDB-4C86-A98F-39D0C58D7901}.Release|x64.ActiveCfg = Release|x64
		{5FDD4245-8EDB-4C86-A98F-39D0C58D7901}.Release|x64.Build.0 = Release|x64
		{5FDD4245-8EDB-4C86-A98F-39D0C58D7901}.Release|x86.ActiveCfg = Release|Win32
		{5FDD4245-8EDB-4C86-A98F-39D0C58D7901}.Release|x86.Build.0 = Release|Win32
		{8BF239CA-D4DB-409C-81F8-91F8159A3CDD}.Debug|x64.ActiveCfg = Debug|x64
		{8BF239CA-D4DB-409C-81F8-91F8159A3CDD}.Debug|x64.Build.0 = Debug|x64
		{8BF239CA-D4DB-409C-81F8-91F8159A3CDD}.Debug|x86.ActiveCfg = Debug|Win32
		{8BF239CA-D4DB-409C-81F8-91F8159A3CDD}.Debug|x86.Build.0 = Debug|Win32
		{8BF239CA-D4DB-409C-81F8-91F8159A3CDD}.Release|x64.ActiveCfg = Release|x64
		{8BF239CA-D4DB-409C-81F8-91F8159A3CDD}.Release|x64.Build.0 = Release|x64
		{8BF239CA-D4DB-409C-81F8-91F8159A3CDD}.Release|x86.ActiveCfg = Release|Win32
		{8BF239CA-D4DB-409C-81F8-91F8159A3CDD}.Release|x86.Build.0 = Release|Win32
		{7A5C7FEE-2AE9-44CA-ADAC-62196F300A9C}.Debug|x64.ActiveCfg = Debug|x64
		{7A5C7FEE-2AE9-44CA-ADAC-62196F300A9C}.Debug|x64.Build.0 = Debug|x64
		{7A5C7FEE-2AE9-44CA-ADAC-62196F300A9C}.Debug|x86.ActiveCfg = Debug|Win32
		{7A5C7FEE-2AE9-44CA-ADAC-62196F300A9C}.Debug|x86.Build.0 = Debug|Win32
		{7A5C7FEE-2AE9-44CA-ADAC-62196F300A9C}.Release|x64.ActiveCfg = Release|x64
		{7A5C7FEE-2AE9-44CA-ADAC-62196F300A9C}.Release|x64.Build.0 = Release|x64
		{7A5C7FEE-2AE9-44CA-ADAC-62196F300A9C}.Release|x86.ActiveCfg = Release|Win32
		{7A5C7FEE-2AE9-44CA-ADAC-62196F300A9C}.Release|x86.Build.0 = Release|Win32
		{ECAC5B6A-4452-47D8-A25A-B607D5B32592}.Debug|x64.ActiveCfg = Debug|x64
		{ECAC5B6A-4452-47D8-A25A-B607D5B32592}.Debug|x64.Build.0 = Debug|x64
		{ECAC5B6A-4452-47D8-A25A-B607D5B32592}.Debug|x86.ActiveCfg = Debug|Win32
		{ECAC5B6A-4452-47D8-A25A-B607D5B32592}.Debug|x86.Build.0 = Debug|Win32
		{ECAC5B6A-4452-47D8-A25A-B607D5B32592}.Release|x64.ActiveCfg = Release|x64
		{ECAC5B6A-4452-47D8-A25A-B607D5B32592}.Release|x64.Build.0 = Release|x64
		{ECAC5B6A-4452-47D8-A25A-B607D5B32592}.Release|x86.ActiveCfg = Release|Win32
		{ECAC5B6A-4452-47D8-A25A-B607D5B32592}.Release|x86.Build.0 = Release|Win32
		{90AA6F5C-46A5-4828-A34C-EBB5C56F922E}.Debug|x64.ActiveCfg = Debug|x64
		{90AA6F5C-46A5-4828-A34C-EBB5C56F922E}.Debug|x64.Build.0 = Debug|x64
		{90AA6F5C-46A5-4828-A34C-EBB5C56F922E}.Debug|x86.ActiveCfg = Debug|Win32
		{90AA6F5C-46A5-4828-A34C-EBB5C56F922E}.Debug|x86.Build.0 = Debug|Win32
		{90AA6F5C-46A5-4828-A34C-EBB5C56F922E}.Release|x64.ActiveCfg = Release|x64
		{90AA6F5C-46A5-4828-A34C-EBB5C56F922E}.Release|x64.Build.0 = Release|x64
		{90AA6F5C-46A5-4828-A34C-EBB5C56F922E}.Release|x86.ActiveCfg = Release|Win32
		{90AA6F5C-46A5-4828-A34C-EBB5C56F922E}.Release|x86.Build.0 = Release|Win32
		{32C3DA85-E71E-41E9-9DFA-A173E1F30216}.Debug|x64.ActiveCfg = Debug|x64
		{32C3DA85-E71E-41E9-9DFA-A173E1F30216}.Debug|x64.Build.0 = Debug|x64
		{32C3DA85-E71E-41E9-9DFA-A173E1F30216}.Debug|x86.ActiveCfg = Debug|Win32
		{32C3DA85-E71E-41E9-9DFA-A173E1F30216}.Debug|x86.Build.0 = Debug|Win32
		{32C3DA85-E71E-41E9-9DFA-A173E1F30216}.Release|x64.ActiveCfg = Release|x64
		{32C3DA85-E71E-41E9-9DFA-A173E1F30216}.Release|x64.Build.0 = Release|x64
		{32C3DA85-E71E-41E9-9DFA-A173E1F30216}.Release|x86.ActiveCfg = Release|Win32
		{32C3DA85-E71E-41E9-9DFA-A173E1F30216}.Release|x86.Build.0 = Release|Win32
		{2EBFA9AB-21C1-4ABA-A78F-FCDFBB114DE0}.Debug|x64.ActiveCfg = Debug|x64
		{2EBFA9AB-21C1-4ABA-A78F-FCDFBB114DE0}.Debug|x64.Build.0 = Debug|x64
		{2EBFA9AB-21C1-4ABA-A78F-FCDFBB114DE0}.Debug|x86.ActiveCfg = Debug|Win32
		{2EBFA9AB-21C1-4ABA-A78F-FCDFBB114DE0}.Debug|x86.Build.0 = Debug|Win32
		{2EBFA9AB-21C1-4ABA-A78F-FCDFBB114DE0}.Release|x64.ActiveCfg = Release|x64
		{2EBFA9AB-21C1-4ABA-A78F-FCDFBB114DE0}.Release|x64.Build.0 = Release|x64
		{2EBFA9AB-21C1-4ABA-A78F-FCDFBB114DE0}.Release|x86.ActiveCfg = Release|Win32
		{2EBFA9AB-21C1-4ABA-A78F-FCDFBB114DE0}.Release|x86.Build.0 = Release|Win32
		{1C547647-163C-4630-8D41-AB580D7BE8DE}.Debug|x64.ActiveCfg = Debug|x64
		{1C547647-163C-4630-8D41-AB580D7BE8DE}.Debug|x64.Build.0 = Debug|x64
		{1C547647-163C-4630-8D41-AB580D7BE8DE}.Debug|x86.ActiveCfg = Debug|Win32
		{1C547647-163C-4630-8D41-AB580D7BE8DE}.Debug|x86.Build.0 = Debug|Win32
		{1C547647-163C-4630-8D41-AB580D7BE8DE}.Release|x64.ActiveCfg = Release|x64
		{1C547647-163C-4630-8D41-AB580D7BE8DE}.Release|x64.Build.0 = Release|x64
		{1C547647-163C-4630-8D41-AB580D7BE8DE}.Release|x86.ActiveCfg = Release|Win32
		{1C547647-163C-4630-8D41-AB580D7BE8DE}.Release|x86.Build.0 = Release|Win32
		{9E195B68-17AC-4971-811A-1C343FB48973}.Debug|x64.ActiveCfg = Debug|x64
		{9E195B68-17AC-4971-811A-1C343FB48973}.Debug|x64.Build.0 = Debug|x64
		{9E195B68-17AC-4971-811A-1C343FB48973}.Debug|x86.ActiveCfg = Debug|Win32
		{9E195B68-17AC-4971-811A-1C343FB48973}.Debug|x86.Build.0 = Debug|Win32
		{9E195B68-17AC-4971-811A-1C343FB48973}.Release|x64.ActiveCfg = Release|x64
		{9E195B68-17AC-4971-811A-1C343FB48973}.Release|x64.Build.0 = Release|x64
		{9E195B68-17AC-4971-811A-1C343FB48973}.Release|x86.ActiveCfg = Release|Win32
		{9E195B68-17AC-4971-811A-1C343FB48973}.Release|x86.Build.0 = Release|Win32
		{4559914D-2423-4B2F-82C6-43DD9DDD8DD0}.Debug|x64.ActiveCfg = Debug|x64
		{4559914D-2423-4B2F-82C6-43DD9DDD8DD0}.Debug|x64.Build.0 = Debug|x64
		{4559914D-2423-4B2F-82C6-43DD9DDD8DD0}.Debug|x86.ActiveCfg = Debug|Win32
		{4559914D-2423-4B2F-82C6-43DD9DDD8DD0}.Debug|x86.Build.0 = Debug|Win32
		{4559914D-2423-4B2F-82C6-43DD9DDD8DD0}.Release|x64.ActiveCfg = Release|x64
		{4559914D-2423-4B2F-82C6-43DD9DDD8DD0}.Release|x64.Build.0 = Release|x64
		{4559914D-2423-4B2F-82C6-43DD9DDD8DD0}.Release|x86.ActiveCfg = Release|Win32
		{4559914D-2423-4B2F-82C6-43DD9DDD8DD0}.Release|x86.Build.0 = Release|Win32
	EndGlobalSection
	GlobalSection(SolutionProperties) = preSolution
		HideSolutionNode = FALSE
	EndGlobalSection
	GlobalSection(ExtensibilityGlobals) = postSolution
		SolutionGuid = {C293A715-61A0-4B7D-B10F-B2D095D36D8E}
	EndGlobalSection
EndGlobal
